// !$*UTF8*$!
{
	archiveVersion = 1;
	classes = {
	};
	objectVersion = 56;
	objects = {

/* Begin PBXBuildFile section */
		749327E82A2D19E3001437A4 /* CoffeeOrderingAppApp.swift in Sources */ = {isa = PBXBuildFile; fileRef = 749327E72A2D19E3001437A4 /* CoffeeOrderingAppApp.swift */; };
		749327EA2A2D19E3001437A4 /* ContentView.swift in Sources */ = {isa = PBXBuildFile; fileRef = 749327E92A2D19E3001437A4 /* ContentView.swift */; };
		749327EC2A2D19E4001437A4 /* Assets.xcassets in Resources */ = {isa = PBXBuildFile; fileRef = 749327EB2A2D19E4001437A4 /* Assets.xcassets */; };
		749327EF2A2D19E4001437A4 /* Preview Assets.xcassets in Resources */ = {isa = PBXBuildFile; fileRef = 749327EE2A2D19E4001437A4 /* Preview Assets.xcassets */; };
		749327F72A2D1AA1001437A4 /* Coffee.swift in Sources */ = {isa = PBXBuildFile; fileRef = 749327F62A2D1AA1001437A4 /* Coffee.swift */; };
		749327F92A2D1C2C001437A4 /* Order.swift in Sources */ = {isa = PBXBuildFile; fileRef = 749327F82A2D1C2C001437A4 /* Order.swift */; };
		749327FC2A2D1C9C001437A4 /* Webservice.swift in Sources */ = {isa = PBXBuildFile; fileRef = 749327FB2A2D1C9C001437A4 /* Webservice.swift */; };
		749328002A2D1F49001437A4 /* OrderListViewModel.swift in Sources */ = {isa = PBXBuildFile; fileRef = 749327FF2A2D1F49001437A4 /* OrderListViewModel.swift */; };
/* End PBXBuildFile section */

/* Begin PBXFileReference section */
		749327E42A2D19E3001437A4 /* CoffeeOrderingApp.app */ = {isa = PBXFileReference; explicitFileType = wrapper.application; includeInIndex = 0; path = CoffeeOrderingApp.app; sourceTree = BUILT_PRODUCTS_DIR; };
		749327E72A2D19E3001437A4 /* CoffeeOrderingAppApp.swift */ = {isa = PBXFileReference; lastKnownFileType = sourcecode.swift; path = CoffeeOrderingAppApp.swift; sourceTree = "<group>"; };
		749327E92A2D19E3001437A4 /* ContentView.swift */ = {isa = PBXFileReference; lastKnownFileType = sourcecode.swift; path = ContentView.swift; sourceTree = "<group>"; };
		749327EB2A2D19E4001437A4 /* Assets.xcassets */ = {isa = PBXFileReference; lastKnownFileType = folder.assetcatalog; path = Assets.xcassets; sourceTree = "<group>"; };
		749327EE2A2D19E4001437A4 /* Preview Assets.xcassets */ = {isa = PBXFileReference; lastKnownFileType = folder.assetcatalog; path = "Preview Assets.xcassets"; sourceTree = "<group>"; };
		749327F62A2D1AA1001437A4 /* Coffee.swift */ = {isa = PBXFileReference; lastKnownFileType = sourcecode.swift; path = Coffee.swift; sourceTree = "<group>"; };
		749327F82A2D1C2C001437A4 /* Order.swift */ = {isa = PBXFileReference; lastKnownFileType = sourcecode.swift; path = Order.swift; sourceTree = "<group>"; };
		749327FB2A2D1C9C001437A4 /* Webservice.swift */ = {isa = PBXFileReference; lastKnownFileType = sourcecode.swift; path = Webservice.swift; sourceTree = "<group>"; };
		749327FD2A2D1D71001437A4 /* Info.plist */ = {isa = PBXFileReference; lastKnownFileType = text.plist; path = Info.plist; sourceTree = "<group>"; };
		749327FF2A2D1F49001437A4 /* OrderListViewModel.swift */ = {isa = PBXFileReference; lastKnownFileType = sourcecode.swift; path = OrderListViewModel.swift; sourceTree = "<group>"; };
/* End PBXFileReference section */

/* Begin PBXFrameworksBuildPhase section */
		749327E12A2D19E3001437A4 /* Frameworks */ = {
			isa = PBXFrameworksBuildPhase;
			buildActionMask = 2147483647;
			files = (
			);
			runOnlyForDeploymentPostprocessing = 0;
		};
/* End PBXFrameworksBuildPhase section */

/* Begin PBXGroup section */
		749327DB2A2D19E3001437A4 = {
			isa = PBXGroup;
			children = (
				749327E62A2D19E3001437A4 /* CoffeeOrderingApp */,
				749327E52A2D19E3001437A4 /* Products */,
			);
			sourceTree = "<group>";
		};
		749327E52A2D19E3001437A4 /* Products */ = {
			isa = PBXGroup;
			children = (
				749327E42A2D19E3001437A4 /* CoffeeOrderingApp.app */,
			);
			name = Products;
			sourceTree = "<group>";
		};
		749327E62A2D19E3001437A4 /* CoffeeOrderingApp */ = {
			isa = PBXGroup;
			children = (
				749327FE2A2D1EC4001437A4 /* View Models */,
				749327FD2A2D1D71001437A4 /* Info.plist */,
				749327FA2A2D1C6D001437A4 /* Services */,
				749327F52A2D1A8E001437A4 /* Models */,
				749327E72A2D19E3001437A4 /* CoffeeOrderingAppApp.swift */,
				749327E92A2D19E3001437A4 /* ContentView.swift */,
				749327EB2A2D19E4001437A4 /* Assets.xcassets */,
				749327ED2A2D19E4001437A4 /* Preview Content */,
			);
			path = CoffeeOrderingApp;
			sourceTree = "<group>";
		};
		749327ED2A2D19E4001437A4 /* Preview Content */ = {
			isa = PBXGroup;
			children = (
				749327EE2A2D19E4001437A4 /* Preview Assets.xcassets */,
			);
			path = "Preview Content";
			sourceTree = "<group>";
		};
		749327F52A2D1A8E001437A4 /* Models */ = {
			isa = PBXGroup;
			children = (
				749327F62A2D1AA1001437A4 /* Coffee.swift */,
				749327F82A2D1C2C001437A4 /* Order.swift */,
			);
			path = Models;
			sourceTree = "<group>";
		};
		749327FA2A2D1C6D001437A4 /* Services */ = {
			isa = PBXGroup;
			children = (
				749327FB2A2D1C9C001437A4 /* Webservice.swift */,
			);
			path = Services;
			sourceTree = "<group>";
		};
		749327FE2A2D1EC4001437A4 /* View Models */ = {
			isa = PBXGroup;
			children = (
				749327FF2A2D1F49001437A4 /* OrderListViewModel.swift */,
			);
			path = "View Models";
			sourceTree = "<group>";
		};
/* End PBXGroup section */

/* Begin PBXNativeTarget section */
		749327E32A2D19E3001437A4 /* CoffeeOrderingApp */ = {
			isa = PBXNativeTarget;
			buildConfigurationList = 749327F22A2D19E4001437A4 /* Build configuration list for PBXNativeTarget "CoffeeOrderingApp" */;
			buildPhases = (
				749327E02A2D19E3001437A4 /* Sources */,
				749327E12A2D19E3001437A4 /* Frameworks */,
				749327E22A2D19E3001437A4 /* Resources */,
			);
			buildRules = (
			);
			dependencies = (
			);
			name = CoffeeOrderingApp;
			productName = CoffeeOrderingApp;
			productReference = 749327E42A2D19E3001437A4 /* CoffeeOrderingApp.app */;
			productType = "com.apple.product-type.application";
		};
/* End PBXNativeTarget section */

/* Begin PBXProject section */
		749327DC2A2D19E3001437A4 /* Project object */ = {
			isa = PBXProject;
			attributes = {
				BuildIndependentTargetsInParallel = 1;
				LastSwiftUpdateCheck = 1430;
				LastUpgradeCheck = 1430;
				TargetAttributes = {
					749327E32A2D19E3001437A4 = {
						CreatedOnToolsVersion = 14.3.1;
					};
				};
			};
			buildConfigurationList = 749327DF2A2D19E3001437A4 /* Build configuration list for PBXProject "CoffeeOrderingApp" */;
			compatibilityVersion = "Xcode 14.0";
			developmentRegion = en;
			hasScannedForEncodings = 0;
			knownRegions = (
				en,
				Base,
			);
			mainGroup = 749327DB2A2D19E3001437A4;
			productRefGroup = 749327E52A2D19E3001437A4 /* Products */;
			projectDirPath = "";
			projectRoot = "";
			targets = (
				749327E32A2D19E3001437A4 /* CoffeeOrderingApp */,
			);
		};
/* End PBXProject section */

/* Begin PBXResourcesBuildPhase section */
		749327E22A2D19E3001437A4 /* Resources */ = {
			isa = PBXResourcesBuildPhase;
			buildActionMask = 2147483647;
			files = (
				749327EF2A2D19E4001437A4 /* Preview Assets.xcassets in Resources */,
				749327EC2A2D19E4001437A4 /* Assets.xcassets in Resources */,
			);
			runOnlyForDeploymentPostprocessing = 0;
		};
/* End PBXResourcesBuildPhase section */

/* Begin PBXSourcesBuildPhase section */
		749327E02A2D19E3001437A4 /* Sources */ = {
			isa = PBXSourcesBuildPhase;
			buildActionMask = 2147483647;
			files = (
				749327EA2A2D19E3001437A4 /* ContentView.swift in Sources */,
				749327E82A2D19E3001437A4 /* CoffeeOrderingAppApp.swift in Sources */,
				749327F92A2D1C2C001437A4 /* Order.swift in Sources */,
				749328002A2D1F49001437A4 /* OrderListViewModel.swift in Sources */,
				749327FC2A2D1C9C001437A4 /* Webservice.swift in Sources */,
				749327F72A2D1AA1001437A4 /* Coffee.swift in Sources */,
			);
			runOnlyForDeploymentPostprocessing = 0;
		};
/* End PBXSourcesBuildPhase section */

/* Begin XCBuildConfiguration section */
		749327F02A2D19E4001437A4 /* Debug */ = {
			isa = XCBuildConfiguration;
			buildSettings = {
				ALWAYS_SEARCH_USER_PATHS = NO;
				CLANG_ANALYZER_NONNULL = YES;
				CLANG_ANALYZER_NUMBER_OBJECT_CONVERSION = YES_AGGRESSIVE;
				CLANG_CXX_LANGUAGE_STANDARD = "gnu++20";
				CLANG_ENABLE_MODULES = YES;
				CLANG_ENABLE_OBJC_ARC = YES;
				CLANG_ENABLE_OBJC_WEAK = YES;
				CLANG_WARN_BLOCK_CAPTURE_AUTORELEASING = YES;
				CLANG_WARN_BOOL_CONVERSION = YES;
				CLANG_WARN_COMMA = YES;
				CLANG_WARN_CONSTANT_CONVERSION = YES;
				CLANG_WARN_DEPRECATED_OBJC_IMPLEMENTATIONS = YES;
				CLANG_WARN_DIRECT_OBJC_ISA_USAGE = YES_ERROR;
				CLANG_WARN_DOCUMENTATION_COMMENTS = YES;
				CLANG_WARN_EMPTY_BODY = YES;
				CLANG_WARN_ENUM_CONVERSION = YES;
				CLANG_WARN_INFINITE_RECURSION = YES;
				CLANG_WARN_INT_CONVERSION = YES;
				CLANG_WARN_NON_LITERAL_NULL_CONVERSION = YES;
				CLANG_WARN_OBJC_IMPLICIT_RETAIN_SELF = YES;
				CLANG_WARN_OBJC_LITERAL_CONVERSION = YES;
				CLANG_WARN_OBJC_ROOT_CLASS = YES_ERROR;
				CLANG_WARN_QUOTED_INCLUDE_IN_FRAMEWORK_HEADER = YES;
				CLANG_WARN_RANGE_LOOP_ANALYSIS = YES;
				CLANG_WARN_STRICT_PROTOTYPES = YES;
				CLANG_WARN_SUSPICIOUS_MOVE = YES;
				CLANG_WARN_UNGUARDED_AVAILABILITY = YES_AGGRESSIVE;
				CLANG_WARN_UNREACHABLE_CODE = YES;
				CLANG_WARN__DUPLICATE_METHOD_MATCH = YES;
				COPY_PHASE_STRIP = NO;
				DEBUG_INFORMATION_FORMAT = dwarf;
				ENABLE_STRICT_OBJC_MSGSEND = YES;
				ENABLE_TESTABILITY = YES;
				GCC_C_LANGUAGE_STANDARD = gnu11;
				GCC_DYNAMIC_NO_PIC = NO;
				GCC_NO_COMMON_BLOCKS = YES;
				GCC_OPTIMIZATION_LEVEL = 0;
				GCC_PREPROCESSOR_DEFINITIONS = (
					"DEBUG=1",
					"$(inherited)",
				);
				GCC_WARN_64_TO_32_BIT_CONVERSION = YES;
				GCC_WARN_ABOUT_RETURN_TYPE = YES_ERROR;
				GCC_WARN_UNDECLARED_SELECTOR = YES;
				GCC_WARN_UNINITIALIZED_AUTOS = YES_AGGRESSIVE;
				GCC_WARN_UNUSED_FUNCTION = YES;
				GCC_WARN_UNUSED_VARIABLE = YES;
				IPHONEOS_DEPLOYMENT_TARGET = 16.4;
				MTL_ENABLE_DEBUG_INFO = INCLUDE_SOURCE;
				MTL_FAST_MATH = YES;
				ONLY_ACTIVE_ARCH = YES;
				SDKROOT = iphoneos;
				SWIFT_ACTIVE_COMPILATION_CONDITIONS = DEBUG;
				SWIFT_OPTIMIZATION_LEVEL = "-Onone";
			};
			name = Debug;
		};
		749327F12A2D19E4001437A4 /* Release */ = {
			isa = XCBuildConfiguration;
			buildSettings = {
				ALWAYS_SEARCH_USER_PATHS = NO;
				CLANG_ANALYZER_NONNULL = YES;
				CLANG_ANALYZER_NUMBER_OBJECT_CONVERSION = YES_AGGRESSIVE;
				CLANG_CXX_LANGUAGE_STANDARD = "gnu++20";
				CLANG_ENABLE_MODULES = YES;
				CLANG_ENABLE_OBJC_ARC = YES;
				CLANG_ENABLE_OBJC_WEAK = YES;
				CLANG_WARN_BLOCK_CAPTURE_AUTORELEASING = YES;
				CLANG_WARN_BOOL_CONVERSION = YES;
				CLANG_WARN_COMMA = YES;
				CLANG_WARN_CONSTANT_CONVERSION = YES;
				CLANG_WARN_DEPRECATED_OBJC_IMPLEMENTATIONS = YES;
				CLANG_WARN_DIRECT_OBJC_ISA_USAGE = YES_ERROR;
				CLANG_WARN_DOCUMENTATION_COMMENTS = YES;
				CLANG_WARN_EMPTY_BODY = YES;
				CLANG_WARN_ENUM_CONVERSION = YES;
				CLANG_WARN_INFINITE_RECURSION = YES;
				CLANG_WARN_INT_CONVERSION = YES;
				CLANG_WARN_NON_LITERAL_NULL_CONVERSION = YES;
				CLANG_WARN_OBJC_IMPLICIT_RETAIN_SELF = YES;
				CLANG_WARN_OBJC_LITERAL_CONVERSION = YES;
				CLANG_WARN_OBJC_ROOT_CLASS = YES_ERROR;
				CLANG_WARN_QUOTED_INCLUDE_IN_FRAMEWORK_HEADER = YES;
				CLANG_WARN_RANGE_LOOP_ANALYSIS = YES;
				CLANG_WARN_STRICT_PROTOTYPES = YES;
				CLANG_WARN_SUSPICIOUS_MOVE = YES;
				CLANG_WARN_UNGUARDED_AVAILABILITY = YES_AGGRESSIVE;
				CLANG_WARN_UNREACHABLE_CODE = YES;
				CLANG_WARN__DUPLICATE_METHOD_MATCH = YES;
				COPY_PHASE_STRIP = NO;
				DEBUG_INFORMATION_FORMAT = "dwarf-with-dsym";
				ENABLE_NS_ASSERTIONS = NO;
				ENABLE_STRICT_OBJC_MSGSEND = YES;
				GCC_C_LANGUAGE_STANDARD = gnu11;
				GCC_NO_COMMON_BLOCKS = YES;
				GCC_WARN_64_TO_32_BIT_CONVERSION = YES;
				GCC_WARN_ABOUT_RETURN_TYPE = YES_ERROR;
				GCC_WARN_UNDECLARED_SELECTOR = YES;
				GCC_WARN_UNINITIALIZED_AUTOS = YES_AGGRESSIVE;
				GCC_WARN_UNUSED_FUNCTION = YES;
				GCC_WARN_UNUSED_VARIABLE = YES;
				IPHONEOS_DEPLOYMENT_TARGET = 16.4;
				MTL_ENABLE_DEBUG_INFO = NO;
				MTL_FAST_MATH = YES;
				SDKROOT = iphoneos;
				SWIFT_COMPILATION_MODE = wholemodule;
				SWIFT_OPTIMIZATION_LEVEL = "-O";
				VALIDATE_PRODUCT = YES;
			};
			name = Release;
		};
		749327F32A2D19E4001437A4 /* Debug */ = {
			isa = XCBuildConfiguration;
			buildSettings = {
				ASSETCATALOG_COMPILER_APPICON_NAME = AppIcon;
				ASSETCATALOG_COMPILER_GLOBAL_ACCENT_COLOR_NAME = AccentColor;
				CODE_SIGN_STYLE = Automatic;
				CURRENT_PROJECT_VERSION = 1;
				DEVELOPMENT_ASSET_PATHS = "\"CoffeeOrderingApp/Preview Content\"";
				DEVELOPMENT_TEAM = 7HMM775WP5;
				ENABLE_PREVIEWS = YES;
				GENERATE_INFOPLIST_FILE = YES;
				INFOPLIST_FILE = CoffeeOrderingApp/Info.plist;
				INFOPLIST_KEY_UIApplicationSceneManifest_Generation = YES;
				INFOPLIST_KEY_UIApplicationSupportsIndirectInputEvents = YES;
				INFOPLIST_KEY_UILaunchScreen_Generation = YES;
				INFOPLIST_KEY_UISupportedInterfaceOrientations_iPad = "UIInterfaceOrientationPortrait UIInterfaceOrientationPortraitUpsideDown UIInterfaceOrientationLandscapeLeft UIInterfaceOrientationLandscapeRight";
				INFOPLIST_KEY_UISupportedInterfaceOrientations_iPhone = "UIInterfaceOrientationPortrait UIInterfaceOrientationLandscapeLeft UIInterfaceOrientationLandscapeRight";
				LD_RUNPATH_SEARCH_PATHS = (
					"$(inherited)",
					"@executable_path/Frameworks",
				);
				MARKETING_VERSION = 1.0;
				PRODUCT_BUNDLE_IDENTIFIER = NS.CoffeeOrderingApp;
				PRODUCT_NAME = "$(TARGET_NAME)";
				SWIFT_EMIT_LOC_STRINGS = YES;
				SWIFT_VERSION = 5.0;
				TARGETED_DEVICE_FAMILY = "1,2";
			};
			name = Debug;
		};
		749327F42A2D19E4001437A4 /* Release */ = {
			isa = XCBuildConfiguration;
			buildSettings = {
				ASSETCATALOG_COMPILER_APPICON_NAME = AppIcon;
				ASSETCATALOG_COMPILER_GLOBAL_ACCENT_COLOR_NAME = AccentColor;
				CODE_SIGN_STYLE = Automatic;
				CURRENT_PROJECT_VERSION = 1;
				DEVELOPMENT_ASSET_PATHS = "\"CoffeeOrderingApp/Preview Content\"";
				DEVELOPMENT_TEAM = 7HMM775WP5;
				ENABLE_PREVIEWS = YES;
				GENERATE_INFOPLIST_FILE = YES;
				INFOPLIST_FILE = CoffeeOrderingApp/Info.plist;
				INFOPLIST_KEY_UIApplicationSceneManifest_Generation = YES;
				INFOPLIST_KEY_UIApplicationSupportsIndirectInputEvents = YES;
				INFOPLIST_KEY_UILaunchScreen_Generation = YES;
				INFOPLIST_KEY_UISupportedInterfaceOrientations_iPad = "UIInterfaceOrientationPortrait UIInterfaceOrientationPortraitUpsideDown UIInterfaceOrientationLandscapeLeft UIInterfaceOrientationLandscapeRight";
				INFOPLIST_KEY_UISupportedInterfaceOrientations_iPhone = "UIInterfaceOrientationPortrait UIInterfaceOrientationLandscapeLeft UIInterfaceOrientationLandscapeRight";
				LD_RUNPATH_SEARCH_PATHS = (
					"$(inherited)",
					"@executable_path/Frameworks",
				);
				MARKETING_VERSION = 1.0;
				PRODUCT_BUNDLE_IDENTIFIER = NS.CoffeeOrderingApp;
				PRODUCT_NAME = "$(TARGET_NAME)";
				SWIFT_EMIT_LOC_STRINGS = YES;
				SWIFT_VERSION = 5.0;
				TARGETED_DEVICE_FAMILY = "1,2";
			};
			name = Release;
		};
/* End XCBuildConfiguration section */

/* Begin XCConfigurationList section */
		749327DF2A2D19E3001437A4 /* Build configuration list for PBXProject "CoffeeOrderingApp" */ = {
			isa = XCConfigurationList;
			buildConfigurations = (
				749327F02A2D19E4001437A4 /* Debug */,
				749327F12A2D19E4001437A4 /* Release */,
			);
			defaultConfigurationIsVisible = 0;
			defaultConfigurationName = Release;
		};
		749327F22A2D19E4001437A4 /* Build configuration list for PBXNativeTarget "CoffeeOrderingApp" */ = {
			isa = XCConfigurationList;
			buildConfigurations = (
				749327F32A2D19E4001437A4 /* Debug */,
				749327F42A2D19E4001437A4 /* Release */,
			);
			defaultConfigurationIsVisible = 0;
			defaultConfigurationName = Release;
		};
/* End XCConfigurationList section */
	};
	rootObject = 749327DC2A2D19E3001437A4 /* Project object */;
}
